
Microsoft Visual Studio Solution File, Format Version 12.00
# Visual Studio Version 17
VisualStudioVersion = 17.14.36518.9
MinimumVisualStudioVersion = 10.0.40219.1
Project("{FAE04EC0-301F-11D3-BF4B-00C04F79EFBC}") = "Playwright.NUnit.Testing", "Playwright.NUnit.Testing\Playwright.NUnit.Testing.csproj", "{63FFBA8C-2D95-4A54-BB91-8A792920E076}"
EndProject
Project("{2150E333-8FDC-42A3-9474-1A3956D46DE8}") = "NUnit", "NUnit", "{02EA681E-C7D8-13C7-8484-4AC65E1B71E8}"
EndProject
Project("{2150E333-8FDC-42A3-9474-1A3956D46DE8}") = "TUnit", "TUnit", "{32C280E9-43D1-42E5-9B28-279D0ACE8E12}"
EndProject
Project("{FAE04EC0-301F-11D3-BF4B-00C04F79EFBC}") = "Playwright.TUnit.Testing", "Playwright.TUnit.Testing\Playwright.TUnit.Testing.csproj", "{3D2188F0-1130-4825-BBA4-B364BEF0F91D}"
EndProject
Global
	GlobalSection(SolutionConfigurationPlatforms) = preSolution
		Debug|Any CPU = Debug|Any CPU
		Release|Any CPU = Release|Any CPU
	EndGlobalSection
	GlobalSection(ProjectConfigurationPlatforms) = postSolution
		{63FFBA8C-2D95-4A54-BB91-8A792920E076}.Debug|Any CPU.ActiveCfg = Debug|Any CPU
		{63FFBA8C-2D95-4A54-BB91-8A792920E076}.Debug|Any CPU.Build.0 = Debug|Any CPU
		{63FFBA8C-2D95-4A54-BB91-8A792920E076}.Release|Any CPU.ActiveCfg = Release|Any CPU
		{63FFBA8C-2D95-4A54-BB91-8A792920E076}.Release|Any CPU.Build.0 = Release|Any CPU
		{3D2188F0-1130-4825-BBA4-B364BEF0F91D}.Debug|Any CPU.ActiveCfg = Debug|Any CPU
		{3D2188F0-1130-4825-BBA4-B364BEF0F91D}.Debug|Any CPU.Build.0 = Debug|Any CPU
		{3D2188F0-1130-4825-BBA4-B364BEF0F91D}.Release|Any CPU.ActiveCfg = Release|Any CPU
		{3D2188F0-1130-4825-BBA4-B364BEF0F91D}.Release|Any CPU.Build.0 = Release|Any CPU
	EndGlobalSection
	GlobalSection(SolutionProperties) = preSolution
		HideSolutionNode = FALSE
	EndGlobalSection
	GlobalSection(NestedProjects) = preSolution
		{63FFBA8C-2D95-4A54-BB91-8A792920E076} = {02EA681E-C7D8-13C7-8484-4AC65E1B71E8}
		{3D2188F0-1130-4825-BBA4-B364BEF0F91D} = {32C280E9-43D1-42E5-9B28-279D0ACE8E12}
	EndGlobalSection
	GlobalSection(ExtensibilityGlobals) = postSolution
		SolutionGuid = {634EAAC0-A6F5-4CFC-9B36-B5F933D64C3F}
	EndGlobalSection
EndGlobal
